<?xml version="1.0" encoding="utf-8"?>
<Project ToolsVersion="4.0" xmlns="http://schemas.microsoft.com/developer/msbuild/2003">
  <ItemGroup>
    <Filter Include="headers">
      <UniqueIdentifier>{93995380-89BD-4b04-88EB-625FBE52EBFB}</UniqueIdentifier>
      <Extensions>h;hh;hpp;hxx;h++;hm;inl;inc;ipp;xsd</Extensions>
    </Filter>
    <Filter Include="sources">
      <UniqueIdentifier>{4FC737F1-C7A5-4376-A066-2A32D752A2FF}</UniqueIdentifier>
      <Extensions>cpp;c;cc;cxx;c++;cppm;ixx;def;odl;idl;hpj;bat;asm;asmx</Extensions>
    </Filter>
  </ItemGroup>
  <ItemGroup>
    <ClInclude Include="..\headers\lua\lapi.h">
      <Filter>headers</Filter>
    </ClInclude>
    <ClInclude Include="..\headers\lua\lauxlib.h">
      <Filter>headers</Filter>
    </ClInclude>
    <ClInclude Include="..\headers\lua\lcode.h">
      <Filter>headers</Filter>
    </ClInclude>
    <ClInclude Include="..\headers\lua\ldebug.h">
      <Filter>headers</Filter>
    </ClInclude>
    <ClInclude Include="..\headers\lua\ldo.h">
      <Filter>headers</Filter>
    </ClInclude>
    <ClInclude Include="..\headers\lua\lfunc.h">
      <Filter>headers</Filter>
    </ClInclude>
    <ClInclude Include="..\headers\lua\lgc.h">
      <Filter>headers</Filter>
    </ClInclude>
    <ClInclude Include="..\headers\lua\llex.h">
      <Filter>headers</Filter>
    </ClInclude>
    <ClInclude Include="..\headers\lua\llimits.h">
      <Filter>headers</Filter>
    </ClInclude>
    <ClInclude Include="..\headers\lua\lmem.h">
      <Filter>headers</Filter>
    </ClInclude>
    <ClInclude Include="..\headers\lua\lobject.h">
      <Filter>headers</Filter>
    </ClInclude>
    <ClInclude Include="..\headers\lua\lopcodes.h">
      <Filter>headers</Filter>
    </ClInclude>
    <ClInclude Include="..\headers\lua\lparser.h">
      <Filter>headers</Filter>
    </ClInclude>
    <ClInclude Include="..\headers\lua\lstate.h">
      <Filter>headers</Filter>
    </ClInclude>
    <ClInclude Include="..\headers\lua\lstring.h">
      <Filter>headers</Filter>
    </ClInclude>
    <ClInclude Include="..\headers\lua\ltable.h">
      <Filter>headers</Filter>
    </ClInclude>
    <ClInclude Include="..\headers\lua\ltm.h">
      <Filter>headers</Filter>
    </ClInclude>
    <ClInclude Include="..\headers\lua\lua.h">
      <Filter>headers</Filter>
    </ClInclude>
    <ClInclude Include="..\headers\lua\luaconf.h">
      <Filter>headers</Filter>
    </ClInclude>
    <ClInclude Include="..\headers\lua\lualib.h">
      <Filter>headers</Filter>
    </ClInclude>
    <ClInclude Include="..\headers\lua\lundump.h">
      <Filter>headers</Filter>
    </ClInclude>
    <ClInclude Include="..\headers\lua\lvm.h">
      <Filter>headers</Filter>
    </ClInclude>
    <ClInclude Include="..\headers\lua\lzio.h">
      <Filter>headers</Filter>
    </ClInclude>
  </ItemGroup>
  <ItemGroup>
    <ClCompile Include="..\sources\lapi.c">
      <Filter>sources</Filter>
    </ClCompile>
    <ClCompile Include="..\sources\lauxlib.c">
      <Filter>sources</Filter>
    </ClCompile>
    <ClCompile Include="..\sources\lbaselib.c">
      <Filter>sources</Filter>
    </ClCompile>
    <ClCompile Include="..\sources\lcode.c">
      <Filter>sources</Filter>
    </ClCompile>
    <ClCompile Include="..\sources\ldblib.c">
      <Filter>sources</Filter>
    </ClCompile>
    <ClCompile Include="..\sources\ldebug.c">
      <Filter>sources</Filter>
    </ClCompile>
    <ClCompile Include="..\sources\ldo.c">
      <Filter>sources</Filter>
    </ClCompile>
    <ClCompile Include="..\sources\ldump.c">
      <Filter>sources</Filter>
    </ClCompile>
    <ClCompile Include="..\sources\lfunc.c">
      <Filter>sources</Filter>
    </ClCompile>
    <ClCompile Include="..\sources\lgc.c">
      <Filter>sources</Filter>
    </ClCompile>
    <ClCompile Include="..\sources\linit.c">
      <Filter>sources</Filter>
    </ClCompile>
    <ClCompile Include="..\sources\liolib.c">
      <Filter>sources</Filter>
    </ClCompile>
    <ClCompile Include="..\sources\llex.c">
      <Filter>sources</Filter>
    </ClCompile>
    <ClCompile Include="..\sources\lmathlib.c">
      <Filter>sources</Filter>
    </ClCompile>
    <ClCompile Include="..\sources\lmem.c">
      <Filter>sources</Filter>
    </ClCompile>
    <ClCompile Include="..\sources\loadlib.c">
      <Filter>sources</Filter>
    </ClCompile>
    <ClCompile Include="..\sources\lobject.c">
      <Filter>sources</Filter>
    </ClCompile>
    <ClCompile Include="..\sources\lopcodes.c">
      <Filter>sources</Filter>
    </ClCompile>
    <ClCompile Include="..\sources\loslib.c">
      <Filter>sources</Filter>
    </ClCompile>
    <ClCompile Include="..\sources\lparser.c">
      <Filter>sources</Filter>
    </ClCompile>
    <ClCompile Include="..\sources\lstate.c">
      <Filter>sources</Filter>
    </ClCompile>
    <ClCompile Include="..\sources\lstring.c">
      <Filter>sources</Filter>
    </ClCompile>
    <ClCompile Include="..\sources\lstrlib.c">
      <Filter>sources</Filter>
    </ClCompile>
    <ClCompile Include="..\sources\ltable.c">
      <Filter>sources</Filter>
    </ClCompile>
    <ClCompile Include="..\sources\ltablib.c">
      <Filter>sources</Filter>
    </ClCompile>
    <ClCompile Include="..\sources\ltm.c">
      <Filter>sources</Filter>
    </ClCompile>
    <ClCompile Include="..\sources\lundump.c">
      <Filter>sources</Filter>
    </ClCompile>
    <ClCompile Include="..\sources\lvm.c">
      <Filter>sources</Filter>
    </ClCompile>
    <ClCompile Include="..\sources\lzio.c">
      <Filter>sources</Filter>
    </ClCompile>
    <ClCompile Include="..\sources\print.c">
      <Filter>sources</Filter>
    </ClCompile>
  </ItemGroup>
</Project>