<?xml version="1.0" encoding="utf-8"?>
<Project ToolsVersion="4.0" xmlns="http://schemas.microsoft.com/developer/msbuild/2003">
  <ItemGroup>
    <Filter Include="headers">
      <UniqueIdentifier>{fbd3542d-b003-4117-a172-70ef9d06595d}</UniqueIdentifier>
    </Filter>
    <Filter Include="defines">
      <UniqueIdentifier>{7d8246e9-46e6-4075-8a72-6186a2b882bf}</UniqueIdentifier>
    </Filter>
    <Filter Include="sources">
      <UniqueIdentifier>{8e20427c-9eac-43fc-8e3f-bdb85793bd1c}</UniqueIdentifier>
    </Filter>
    <Filter Include="sources\win">
      <UniqueIdentifier>{fca1fe2e-0a4c-4d03-807e-dfc0593f4761}</UniqueIdentifier>
    </Filter>
    <Filter Include="headers\win">
      <UniqueIdentifier>{6c648d35-1fdb-491c-850b-089c82be228d}</UniqueIdentifier>
    </Filter>
  </ItemGroup>
  <ItemGroup>
    <ClInclude Include="headers\exports.hpp">
      <Filter>headers</Filter>
    </ClInclude>
    <ClInclude Include="headers\plugins.hpp">
      <Filter>headers</Filter>
    </ClInclude>
    <ClInclude Include="headers\win\dll.hpp">
      <Filter>headers\win</Filter>
    </ClInclude>
  </ItemGroup>
  <ItemGroup>
    <None Include="defines\lua100.def">
      <Filter>defines</Filter>
    </None>
  </ItemGroup>
  <ItemGroup>
    <ClCompile Include="sources\dll_main.cpp">
      <Filter>sources</Filter>
    </ClCompile>
    <ClCompile Include="sources\exports.cpp">
      <Filter>sources</Filter>
    </ClCompile>
  </ItemGroup>
</Project>